
Microsoft Visual Studio Solution File, Format Version 12.00
# Visual Studio Version 16
VisualStudioVersion = 16.0.30204.135
MinimumVisualStudioVersion = 10.0.40219.1
Project("{FAE04EC0-301F-11D3-BF4B-00C04F79EFBC}") = "2Ico", "2Ico\2Ico.csproj", "{B4D727CB-6619-451C-9B7C-A55A3F185D32}"
EndProject
Global
	GlobalSection(SolutionConfigurationPlatforms) = preSolution
		Debug|Any CPU = Debug|Any CPU
		Release|Any CPU = Release|Any CPU
	EndGlobalSection
	GlobalSection(ProjectConfigurationPlatforms) = postSolution
		{B4D727CB-6619-451C-9B7C-A55A3F185D32}.Debug|Any CPU.ActiveCfg = Debug|Any CPU
		{B4D727CB-6619-451C-9B7C-A55A3F185D32}.Debug|Any CPU.Build.0 = Debug|Any CPU
		{B4D727CB-6619-451C-9B7C-A55A3F185D32}.Release|Any CPU.ActiveCfg = Release|Any CPU
		{B4D727CB-6619-451C-9B7C-A55A3F185D32}.Release|Any CPU.Build.0 = Release|Any CPU
	EndGlobalSection
	GlobalSection(SolutionProperties) = preSolution
		HideSolutionNode = FALSE
	EndGlobalSection
	GlobalSection(ExtensibilityGlobals) = postSolution
		SolutionGuid = {FBE4ABB7-01F5-4E72-913F-8B39E754D78C}
	EndGlobalSection
EndGlobal
